
Microsoft Visual Studio Solution File, Format Version 12.00
# Visual Studio Version 17
VisualStudioVersion = 17.13.35931.197 d17.13
MinimumVisualStudioVersion = 10.0.40219.1
Project("{FAE04EC0-301F-11D3-BF4B-00C04F79EFBC}") = "NHTLesson03", "NHTLesson03.csproj", "{C7FF0B77-A8E1-46AF-93C2-1E1913104687}"
EndProject
Global
	GlobalSection(SolutionConfigurationPlatforms) = preSolution
		Debug|Any CPU = Debug|Any CPU
		Release|Any CPU = Release|Any CPU
	EndGlobalSection
	GlobalSection(ProjectConfigurationPlatforms) = postSolution
		{C7FF0B77-A8E1-46AF-93C2-1E1913104687}.Debug|Any CPU.ActiveCfg = Debug|Any CPU
		{C7FF0B77-A8E1-46AF-93C2-1E1913104687}.Debug|Any CPU.Build.0 = Debug|Any CPU
		{C7FF0B77-A8E1-46AF-93C2-1E1913104687}.Release|Any CPU.ActiveCfg = Release|Any CPU
		{C7FF0B77-A8E1-46AF-93C2-1E1913104687}.Release|Any CPU.Build.0 = Release|Any CPU
	EndGlobalSection
	GlobalSection(SolutionProperties) = preSolution
		HideSolutionNode = FALSE
	EndGlobalSection
	GlobalSection(ExtensibilityGlobals) = postSolution
		SolutionGuid = {DF1106E8-E4EC-4442-B93E-964DF5927617}
	EndGlobalSection
EndGlobal
