
Microsoft Visual Studio Solution File, Format Version 12.00
# Visual Studio Version 17
VisualStudioVersion = 17.13.35931.197 d17.13
MinimumVisualStudioVersion = 10.0.40219.1
Project("{FAE04EC0-301F-11D3-BF4B-00C04F79EFBC}") = "MyApp", "MyApp.csproj", "{5994E9A7-6851-4C38-9108-8BD201163532}"
EndProject
Global
	GlobalSection(SolutionConfigurationPlatforms) = preSolution
		Debug|Any CPU = Debug|Any CPU
		Release|Any CPU = Release|Any CPU
	EndGlobalSection
	GlobalSection(ProjectConfigurationPlatforms) = postSolution
		{5994E9A7-6851-4C38-9108-8BD201163532}.Debug|Any CPU.ActiveCfg = Debug|Any CPU
		{5994E9A7-6851-4C38-9108-8BD201163532}.Debug|Any CPU.Build.0 = Debug|Any CPU
		{5994E9A7-6851-4C38-9108-8BD201163532}.Release|Any CPU.ActiveCfg = Release|Any CPU
		{5994E9A7-6851-4C38-9108-8BD201163532}.Release|Any CPU.Build.0 = Release|Any CPU
	EndGlobalSection
	GlobalSection(SolutionProperties) = preSolution
		HideSolutionNode = FALSE
	EndGlobalSection
	GlobalSection(ExtensibilityGlobals) = postSolution
		SolutionGuid = {4D43B8B1-5608-48EB-835E-6AA9D978211F}
	EndGlobalSection
EndGlobal
